
Microsoft Visual Studio Solution File, Format Version 12.00
Project("{FAE04EC0-301F-11D3-BF4B-00C04F79EFBC}") = "Console.App1", "Console.App1\Console.App1.csproj", "{47781D95-BF49-475C-B7A6-ED7A19E80330}"
EndProject
Global
	GlobalSection(SolutionConfigurationPlatforms) = preSolution
		Debug|Any CPU = Debug|Any CPU
		Release|Any CPU = Release|Any CPU
	EndGlobalSection
	GlobalSection(ProjectConfigurationPlatforms) = postSolution
		{9CB70504-6AEB-4276-B5CD-588973BEDFA6}.Debug|Any CPU.ActiveCfg = Debug|Any CPU
		{9CB70504-6AEB-4276-B5CD-588973BEDFA6}.Debug|Any CPU.Build.0 = Debug|Any CPU
		{9CB70504-6AEB-4276-B5CD-588973BEDFA6}.Release|Any CPU.ActiveCfg = Release|Any CPU
		{9CB70504-6AEB-4276-B5CD-588973BEDFA6}.Release|Any CPU.Build.0 = Release|Any CPU
		{47781D95-BF49-475C-B7A6-ED7A19E80330}.Debug|Any CPU.ActiveCfg = Debug|Any CPU
		{47781D95-BF49-475C-B7A6-ED7A19E80330}.Debug|Any CPU.Build.0 = Debug|Any CPU
		{47781D95-BF49-475C-B7A6-ED7A19E80330}.Release|Any CPU.ActiveCfg = Release|Any CPU
		{47781D95-BF49-475C-B7A6-ED7A19E80330}.Release|Any CPU.Build.0 = Release|Any CPU
	EndGlobalSection
EndGlobal
